
Microsoft Visual Studio Solution File, Format Version 12.00
# Visual Studio Version 17
VisualStudioVersion = 17.6.33815.320
MinimumVisualStudioVersion = 10.0.40219.1
Project("{9A19103F-16F7-4668-BE54-9A1E7A4F7556}") = "Project.API", "Pharmme\Project.API.csproj", "{EEE9B064-B4FA-4953-A092-913EB5074E35}"
EndProject
Project("{9A19103F-16F7-4668-BE54-9A1E7A4F7556}") = "Project.Service", "Project.Service\Project.Service.csproj", "{22ED672A-B038-4645-B648-4BC717E68F28}"
EndProject
Project("{9A19103F-16F7-4668-BE54-9A1E7A4F7556}") = "Project.Core", "Project.Core\Project.Core.csproj", "{D406258C-1CE2-416F-BDD6-7AB65700D671}"
EndProject
Project("{9A19103F-16F7-4668-BE54-9A1E7A4F7556}") = "Project.Data", "Project.Data\Project.Data.csproj", "{30C49F68-4BE0-4863-A5BB-E95F5623CD5D}"
EndProject
Global
	GlobalSection(SolutionConfigurationPlatforms) = preSolution
		Debug|Any CPU = Debug|Any CPU
		Release|Any CPU = Release|Any CPU
	EndGlobalSection
	GlobalSection(ProjectConfigurationPlatforms) = postSolution
		{EEE9B064-B4FA-4953-A092-913EB5074E35}.Debug|Any CPU.ActiveCfg = Debug|Any CPU
		{EEE9B064-B4FA-4953-A092-913EB5074E35}.Debug|Any CPU.Build.0 = Debug|Any CPU
		{EEE9B064-B4FA-4953-A092-913EB5074E35}.Release|Any CPU.ActiveCfg = Release|Any CPU
		{EEE9B064-B4FA-4953-A092-913EB5074E35}.Release|Any CPU.Build.0 = Release|Any CPU
		{22ED672A-B038-4645-B648-4BC717E68F28}.Debug|Any CPU.ActiveCfg = Debug|Any CPU
		{22ED672A-B038-4645-B648-4BC717E68F28}.Debug|Any CPU.Build.0 = Debug|Any CPU
		{22ED672A-B038-4645-B648-4BC717E68F28}.Release|Any CPU.ActiveCfg = Release|Any CPU
		{22ED672A-B038-4645-B648-4BC717E68F28}.Release|Any CPU.Build.0 = Release|Any CPU
		{D406258C-1CE2-416F-BDD6-7AB65700D671}.Debug|Any CPU.ActiveCfg = Debug|Any CPU
		{D406258C-1CE2-416F-BDD6-7AB65700D671}.Debug|Any CPU.Build.0 = Debug|Any CPU
		{D406258C-1CE2-416F-BDD6-7AB65700D671}.Release|Any CPU.ActiveCfg = Release|Any CPU
		{D406258C-1CE2-416F-BDD6-7AB65700D671}.Release|Any CPU.Build.0 = Release|Any CPU
		{30C49F68-4BE0-4863-A5BB-E95F5623CD5D}.Debug|Any CPU.ActiveCfg = Debug|Any CPU
		{30C49F68-4BE0-4863-A5BB-E95F5623CD5D}.Debug|Any CPU.Build.0 = Debug|Any CPU
		{30C49F68-4BE0-4863-A5BB-E95F5623CD5D}.Release|Any CPU.ActiveCfg = Release|Any CPU
		{30C49F68-4BE0-4863-A5BB-E95F5623CD5D}.Release|Any CPU.Build.0 = Release|Any CPU
	EndGlobalSection
	GlobalSection(SolutionProperties) = preSolution
		HideSolutionNode = FALSE
	EndGlobalSection
	GlobalSection(ExtensibilityGlobals) = postSolution
		SolutionGuid = {264E8983-18F7-438D-B64E-5F373EA5B417}
	EndGlobalSection
EndGlobal
